// !$*UTF8*$!
{
	archiveVersion = 1;
	classes = {
	};
	objectVersion = 46;
	objects = {

/* Begin PBXBuildFile section */
		7441E9291C79985B007FB506 /* UnitsViewController.m in Sources */ = {isa = PBXBuildFile; fileRef = 7441E9281C79985B007FB506 /* UnitsViewController.m */; };
		7441E92C1C79AC0B007FB506 /* LocationAtHomeTableViewController.m in Sources */ = {isa = PBXBuildFile; fileRef = 7441E92B1C79AC0B007FB506 /* LocationAtHomeTableViewController.m */; };
		7441E92F1C79AC27007FB506 /* LocationAtShopTableViewController.m in Sources */ = {isa = PBXBuildFile; fileRef = 7441E92E1C79AC27007FB506 /* LocationAtShopTableViewController.m */; };
		7441E9321C79F3B0007FB506 /* LocationAtHomeViewController.m in Sources */ = {isa = PBXBuildFile; fileRef = 7441E9311C79F3B0007FB506 /* LocationAtHomeViewController.m */; };
		7441E9351C79F3C3007FB506 /* LocationAtShopViewController.m in Sources */ = {isa = PBXBuildFile; fileRef = 7441E9341C79F3C3007FB506 /* LocationAtShopViewController.m */; };
		DB0726771C71C1B300AC8C32 /* Measurement.m in Sources */ = {isa = PBXBuildFile; fileRef = DB0726741C71C1B300AC8C32 /* Measurement.m */; };
		DB0726781C71C1B300AC8C32 /* Measurement+CoreDataProperties.m in Sources */ = {isa = PBXBuildFile; fileRef = DB0726761C71C1B300AC8C32 /* Measurement+CoreDataProperties.m */; };
		DB07267E1C71C46700AC8C32 /* Amount+CoreDataProperties.m in Sources */ = {isa = PBXBuildFile; fileRef = DB07267B1C71C46700AC8C32 /* Amount+CoreDataProperties.m */; };
		DB07267F1C71C46700AC8C32 /* Amount.m in Sources */ = {isa = PBXBuildFile; fileRef = DB07267D1C71C46700AC8C32 /* Amount.m */; };
		DB0726811C71CAF000AC8C32 /* Model2toModel3.xcmappingmodel in Sources */ = {isa = PBXBuildFile; fileRef = DB0726801C71CAF000AC8C32 /* Model2toModel3.xcmappingmodel */; };
		DB0726851C71DA0500AC8C32 /* MigrationViewController.m in Sources */ = {isa = PBXBuildFile; fileRef = DB0726841C71DA0500AC8C32 /* MigrationViewController.m */; };
		DB1F1A2E1C76E32D00FA73F4 /* UnitsTableViewController.m in Sources */ = {isa = PBXBuildFile; fileRef = DB1F1A2D1C76E32D00FA73F4 /* UnitsTableViewController.m */; };
		DB2F3CFA1C72C32E00428566 /* Unit+CoreDataProperties.m in Sources */ = {isa = PBXBuildFile; fileRef = DB2F3CF71C72C32E00428566 /* Unit+CoreDataProperties.m */; };
		DB2F3CFB1C72C32E00428566 /* Unit.m in Sources */ = {isa = PBXBuildFile; fileRef = DB2F3CF91C72C32E00428566 /* Unit.m */; };
		DB2F3CFD1C72C3AE00428566 /* Model3toModel4.xcmappingmodel in Sources */ = {isa = PBXBuildFile; fileRef = DB2F3CFC1C72C3AE00428566 /* Model3toModel4.xcmappingmodel */; };
		DB2F3D031C72DCCB00428566 /* Item+CoreDataProperties.m in Sources */ = {isa = PBXBuildFile; fileRef = DB2F3D001C72DCCB00428566 /* Item+CoreDataProperties.m */; };
		DB2F3D171C7309CD00428566 /* LocationAtHome+CoreDataProperties.m in Sources */ = {isa = PBXBuildFile; fileRef = DB2F3D091C7309CD00428566 /* LocationAtHome+CoreDataProperties.m */; };
		DB2F3D181C7309CD00428566 /* LocationAtHome.m in Sources */ = {isa = PBXBuildFile; fileRef = DB2F3D0B1C7309CD00428566 /* LocationAtHome.m */; };
		DB2F3D191C7309CD00428566 /* LocationAtShop+CoreDataProperties.m in Sources */ = {isa = PBXBuildFile; fileRef = DB2F3D0D1C7309CD00428566 /* LocationAtShop+CoreDataProperties.m */; };
		DB2F3D1A1C7309CD00428566 /* LocationAtShop.m in Sources */ = {isa = PBXBuildFile; fileRef = DB2F3D0F1C7309CD00428566 /* LocationAtShop.m */; };
		DB2F3D1B1C7309CD00428566 /* Unit+CoreDataProperties.m in Sources */ = {isa = PBXBuildFile; fileRef = DB2F3D111C7309CD00428566 /* Unit+CoreDataProperties.m */; };
		DB2F3D1C1C7309CD00428566 /* Location+CoreDataProperties.m in Sources */ = {isa = PBXBuildFile; fileRef = DB2F3D131C7309CD00428566 /* Location+CoreDataProperties.m */; };
		DB2F3D1D1C7309CD00428566 /* Location.m in Sources */ = {isa = PBXBuildFile; fileRef = DB2F3D151C7309CD00428566 /* Location.m */; };
		DB2F3D271C732A5500428566 /* PrepareTableViewController.m in Sources */ = {isa = PBXBuildFile; fileRef = DB2F3D261C732A5500428566 /* PrepareTableViewController.m */; };
		DB4905161C8004AB005BA26A /* DefaultData.sqlite in Resources */ = {isa = PBXBuildFile; fileRef = DB4905151C8004AB005BA26A /* DefaultData.sqlite */; };
		DB52531A1C7EAA380024D242 /* XMLReader.m in Sources */ = {isa = PBXBuildFile; fileRef = DB5253191C7EAA380024D242 /* XMLReader.m */; };
		DB52531C1C7ED02F0024D242 /* TestData.xml in Resources */ = {isa = PBXBuildFile; fileRef = DB52531B1C7ED02F0024D242 /* TestData.xml */; };
		DB64A6F61C7425D000D857C6 /* ShopTableViewController.m in Sources */ = {isa = PBXBuildFile; fileRef = DB64A6F51C7425D000D857C6 /* ShopTableViewController.m */; };
		DB64A6F91C744E0A00D857C6 /* ItemViewController.m in Sources */ = {isa = PBXBuildFile; fileRef = DB64A6F81C744E0A00D857C6 /* ItemViewController.m */; };
		DB7793211C7C097000BCFC5E /* UnitPickerTF.m in Sources */ = {isa = PBXBuildFile; fileRef = DB7793201C7C097000BCFC5E /* UnitPickerTF.m */; };
		DB7793241C7C19EC00BCFC5E /* LocationAtHomePickerTF.m in Sources */ = {isa = PBXBuildFile; fileRef = DB7793231C7C19EC00BCFC5E /* LocationAtHomePickerTF.m */; };
		DB7793271C7C1A2200BCFC5E /* LocationAtShopPickerTF.m in Sources */ = {isa = PBXBuildFile; fileRef = DB7793261C7C1A2200BCFC5E /* LocationAtShopPickerTF.m */; };
		DB8DE87E1C7D80ED00D749CD /* CoreDataPickerTF.m in Sources */ = {isa = PBXBuildFile; fileRef = DB8DE87B1C7D80ED00D749CD /* CoreDataPickerTF.m */; };
		DB8DE87F1C7D80ED00D749CD /* CoreDataTableViewController.m in Sources */ = {isa = PBXBuildFile; fileRef = DB8DE87D1C7D80ED00D749CD /* CoreDataTableViewController.m */; };
		DB8DE8831C7D85F500D749CD /* DefaultData.xml in Resources */ = {isa = PBXBuildFile; fileRef = DB8DE8821C7D85F500D749CD /* DefaultData.xml */; };
		DB8DE88A1C7DA63100D749CD /* CoreDataImporter.m in Sources */ = {isa = PBXBuildFile; fileRef = DB8DE8891C7DA63100D749CD /* CoreDataImporter.m */; };
		DBB7254B1B71ED5C0078CA1F /* main.m in Sources */ = {isa = PBXBuildFile; fileRef = DBB7254A1B71ED5C0078CA1F /* main.m */; };
		DBB7254E1B71ED5C0078CA1F /* AppDelegate.m in Sources */ = {isa = PBXBuildFile; fileRef = DBB7254D1B71ED5C0078CA1F /* AppDelegate.m */; };
		DBB725541B71ED5C0078CA1F /* Main.storyboard in Resources */ = {isa = PBXBuildFile; fileRef = DBB725521B71ED5C0078CA1F /* Main.storyboard */; };
		DBB725561B71ED5C0078CA1F /* Images.xcassets in Resources */ = {isa = PBXBuildFile; fileRef = DBB725551B71ED5C0078CA1F /* Images.xcassets */; };
		DBB725591B71ED5C0078CA1F /* LaunchScreen.xib in Resources */ = {isa = PBXBuildFile; fileRef = DBB725571B71ED5C0078CA1F /* LaunchScreen.xib */; };
		DBB725651B71ED5C0078CA1F /* Grocery_DudeTests.m in Sources */ = {isa = PBXBuildFile; fileRef = DBB725641B71ED5C0078CA1F /* Grocery_DudeTests.m */; };
		DBB7256F1B71EE170078CA1F /* CoreData.framework in Frameworks */ = {isa = PBXBuildFile; fileRef = DBB7256E1B71EE170078CA1F /* CoreData.framework */; };
		DBB725781B7208770078CA1F /* CoreDataHelper.m in Sources */ = {isa = PBXBuildFile; fileRef = DBB725771B7208770078CA1F /* CoreDataHelper.m */; };
		DBB7257B1B7208CB0078CA1F /* Model.xcdatamodeld in Sources */ = {isa = PBXBuildFile; fileRef = DBB725791B7208CB0078CA1F /* Model.xcdatamodeld */; };
		DBB7257E1B7218740078CA1F /* Item.m in Sources */ = {isa = PBXBuildFile; fileRef = DBB7257D1B7218740078CA1F /* Item.m */; };
/* End PBXBuildFile section */

/* Begin PBXContainerItemProxy section */
		DBB7255F1B71ED5C0078CA1F /* PBXContainerItemProxy */ = {
			isa = PBXContainerItemProxy;
			containerPortal = DBB7253D1B71ED5C0078CA1F /* Project object */;
			proxyType = 1;
			remoteGlobalIDString = DBB725441B71ED5C0078CA1F;
			remoteInfo = "Grocery Dude";
		};
/* End PBXContainerItemProxy section */

/* Begin PBXFileReference section */
		7441E9271C79985B007FB506 /* UnitsViewController.h */ = {isa = PBXFileReference; fileEncoding = 4; lastKnownFileType = sourcecode.c.h; path = UnitsViewController.h; sourceTree = "<group>"; };
		7441E9281C79985B007FB506 /* UnitsViewController.m */ = {isa = PBXFileReference; fileEncoding = 4; lastKnownFileType = sourcecode.c.objc; path = UnitsViewController.m; sourceTree = "<group>"; };
		7441E92A1C79AC0B007FB506 /* LocationAtHomeTableViewController.h */ = {isa = PBXFileReference; fileEncoding = 4; lastKnownFileType = sourcecode.c.h; path = LocationAtHomeTableViewController.h; sourceTree = "<group>"; };
		7441E92B1C79AC0B007FB506 /* LocationAtHomeTableViewController.m */ = {isa = PBXFileReference; fileEncoding = 4; lastKnownFileType = sourcecode.c.objc; path = LocationAtHomeTableViewController.m; sourceTree = "<group>"; };
		7441E92D1C79AC27007FB506 /* LocationAtShopTableViewController.h */ = {isa = PBXFileReference; fileEncoding = 4; lastKnownFileType = sourcecode.c.h; path = LocationAtShopTableViewController.h; sourceTree = "<group>"; };
		7441E92E1C79AC27007FB506 /* LocationAtShopTableViewController.m */ = {isa = PBXFileReference; fileEncoding = 4; lastKnownFileType = sourcecode.c.objc; path = LocationAtShopTableViewController.m; sourceTree = "<group>"; };
		7441E9301C79F3B0007FB506 /* LocationAtHomeViewController.h */ = {isa = PBXFileReference; fileEncoding = 4; lastKnownFileType = sourcecode.c.h; path = LocationAtHomeViewController.h; sourceTree = "<group>"; };
		7441E9311C79F3B0007FB506 /* LocationAtHomeViewController.m */ = {isa = PBXFileReference; fileEncoding = 4; lastKnownFileType = sourcecode.c.objc; path = LocationAtHomeViewController.m; sourceTree = "<group>"; };
		7441E9331C79F3C3007FB506 /* LocationAtShopViewController.h */ = {isa = PBXFileReference; fileEncoding = 4; lastKnownFileType = sourcecode.c.h; path = LocationAtShopViewController.h; sourceTree = "<group>"; };
		7441E9341C79F3C3007FB506 /* LocationAtShopViewController.m */ = {isa = PBXFileReference; fileEncoding = 4; lastKnownFileType = sourcecode.c.objc; path = LocationAtShopViewController.m; sourceTree = "<group>"; };
		DB07266C1C71669700AC8C32 /* Grocery_Dude.pch */ = {isa = PBXFileReference; lastKnownFileType = sourcecode.c.h; path = Grocery_Dude.pch; sourceTree = "<group>"; };
		DB0726731C71C1B300AC8C32 /* Measurement.h */ = {isa = PBXFileReference; fileEncoding = 4; lastKnownFileType = sourcecode.c.h; path = Measurement.h; sourceTree = "<group>"; };
		DB0726741C71C1B300AC8C32 /* Measurement.m */ = {isa = PBXFileReference; fileEncoding = 4; lastKnownFileType = sourcecode.c.objc; path = Measurement.m; sourceTree = "<group>"; };
		DB0726751C71C1B300AC8C32 /* Measurement+CoreDataProperties.h */ = {isa = PBXFileReference; fileEncoding = 4; lastKnownFileType = sourcecode.c.h; path = "Measurement+CoreDataProperties.h"; sourceTree = "<group>"; };
		DB0726761C71C1B300AC8C32 /* Measurement+CoreDataProperties.m */ = {isa = PBXFileReference; fileEncoding = 4; lastKnownFileType = sourcecode.c.objc; path = "Measurement+CoreDataProperties.m"; sourceTree = "<group>"; };
		DB0726791C71C2A500AC8C32 /* Model 3.xcdatamodel */ = {isa = PBXFileReference; lastKnownFileType = wrapper.xcdatamodel; path = "Model 3.xcdatamodel"; sourceTree = "<group>"; };
		DB07267A1C71C46700AC8C32 /* Amount+CoreDataProperties.h */ = {isa = PBXFileReference; fileEncoding = 4; lastKnownFileType = sourcecode.c.h; path = "Amount+CoreDataProperties.h"; sourceTree = "<group>"; };
		DB07267B1C71C46700AC8C32 /* Amount+CoreDataProperties.m */ = {isa = PBXFileReference; fileEncoding = 4; lastKnownFileType = sourcecode.c.objc; path = "Amount+CoreDataProperties.m"; sourceTree = "<group>"; };
		DB07267C1C71C46700AC8C32 /* Amount.h */ = {isa = PBXFileReference; fileEncoding = 4; lastKnownFileType = sourcecode.c.h; path = Amount.h; sourceTree = "<group>"; };
		DB07267D1C71C46700AC8C32 /* Amount.m */ = {isa = PBXFileReference; fileEncoding = 4; lastKnownFileType = sourcecode.c.objc; path = Amount.m; sourceTree = "<group>"; };
		DB0726801C71CAF000AC8C32 /* Model2toModel3.xcmappingmodel */ = {isa = PBXFileReference; lastKnownFileType = wrapper.xcmappingmodel; path = Model2toModel3.xcmappingmodel; sourceTree = "<group>"; };
		DB0726831C71DA0500AC8C32 /* MigrationViewController.h */ = {isa = PBXFileReference; fileEncoding = 4; lastKnownFileType = sourcecode.c.h; path = MigrationViewController.h; sourceTree = "<group>"; };
		DB0726841C71DA0500AC8C32 /* MigrationViewController.m */ = {isa = PBXFileReference; fileEncoding = 4; lastKnownFileType = sourcecode.c.objc; path = MigrationViewController.m; sourceTree = "<group>"; };
		DB1F1A2C1C76E32D00FA73F4 /* UnitsTableViewController.h */ = {isa = PBXFileReference; fileEncoding = 4; lastKnownFileType = sourcecode.c.h; path = UnitsTableViewController.h; sourceTree = "<group>"; };
		DB1F1A2D1C76E32D00FA73F4 /* UnitsTableViewController.m */ = {isa = PBXFileReference; fileEncoding = 4; lastKnownFileType = sourcecode.c.objc; path = UnitsTableViewController.m; sourceTree = "<group>"; };
		DB2F3CF51C72C2CF00428566 /* Model 4.xcdatamodel */ = {isa = PBXFileReference; lastKnownFileType = wrapper.xcdatamodel; path = "Model 4.xcdatamodel"; sourceTree = "<group>"; };
		DB2F3CF61C72C32E00428566 /* Unit+CoreDataProperties.h */ = {isa = PBXFileReference; fileEncoding = 4; lastKnownFileType = sourcecode.c.h; path = "Unit+CoreDataProperties.h"; sourceTree = "<group>"; };
		DB2F3CF71C72C32E00428566 /* Unit+CoreDataProperties.m */ = {isa = PBXFileReference; fileEncoding = 4; lastKnownFileType = sourcecode.c.objc; path = "Unit+CoreDataProperties.m"; sourceTree = "<group>"; };
		DB2F3CF81C72C32E00428566 /* Unit.h */ = {isa = PBXFileReference; fileEncoding = 4; lastKnownFileType = sourcecode.c.h; path = Unit.h; sourceTree = "<group>"; };
		DB2F3CF91C72C32E00428566 /* Unit.m */ = {isa = PBXFileReference; fileEncoding = 4; lastKnownFileType = sourcecode.c.objc; path = Unit.m; sourceTree = "<group>"; };
		DB2F3CFC1C72C3AE00428566 /* Model3toModel4.xcmappingmodel */ = {isa = PBXFileReference; lastKnownFileType = wrapper.xcmappingmodel; path = Model3toModel4.xcmappingmodel; sourceTree = "<group>"; };
		DB2F3CFE1C72C99C00428566 /* Model 5.xcdatamodel */ = {isa = PBXFileReference; lastKnownFileType = wrapper.xcdatamodel; path = "Model 5.xcdatamodel"; sourceTree = "<group>"; };
		DB2F3CFF1C72DCCB00428566 /* Item+CoreDataProperties.h */ = {isa = PBXFileReference; fileEncoding = 4; lastKnownFileType = sourcecode.c.h; path = "Item+CoreDataProperties.h"; sourceTree = "<group>"; };
		DB2F3D001C72DCCB00428566 /* Item+CoreDataProperties.m */ = {isa = PBXFileReference; fileEncoding = 4; lastKnownFileType = sourcecode.c.objc; path = "Item+CoreDataProperties.m"; sourceTree = "<group>"; };
		DB2F3D051C7306C900428566 /* Model 6.xcdatamodel */ = {isa = PBXFileReference; lastKnownFileType = wrapper.xcdatamodel; path = "Model 6.xcdatamodel"; sourceTree = "<group>"; };
		DB2F3D081C7309CD00428566 /* LocationAtHome+CoreDataProperties.h */ = {isa = PBXFileReference; fileEncoding = 4; lastKnownFileType = sourcecode.c.h; path = "LocationAtHome+CoreDataProperties.h"; sourceTree = "<group>"; };
		DB2F3D091C7309CD00428566 /* LocationAtHome+CoreDataProperties.m */ = {isa = PBXFileReference; fileEncoding = 4; lastKnownFileType = sourcecode.c.objc; path = "LocationAtHome+CoreDataProperties.m"; sourceTree = "<group>"; };
		DB2F3D0A1C7309CD00428566 /* LocationAtHome.h */ = {isa = PBXFileReference; fileEncoding = 4; lastKnownFileType = sourcecode.c.h; path = LocationAtHome.h; sourceTree = "<group>"; };
		DB2F3D0B1C7309CD00428566 /* LocationAtHome.m */ = {isa = PBXFileReference; fileEncoding = 4; lastKnownFileType = sourcecode.c.objc; path = LocationAtHome.m; sourceTree = "<group>"; };
		DB2F3D0C1C7309CD00428566 /* LocationAtShop+CoreDataProperties.h */ = {isa = PBXFileReference; fileEncoding = 4; lastKnownFileType = sourcecode.c.h; path = "LocationAtShop+CoreDataProperties.h"; sourceTree = "<group>"; };
		DB2F3D0D1C7309CD00428566 /* LocationAtShop+CoreDataProperties.m */ = {isa = PBXFileReference; fileEncoding = 4; lastKnownFileType = sourcecode.c.objc; path = "LocationAtShop+CoreDataProperties.m"; sourceTree = "<group>"; };
		DB2F3D0E1C7309CD00428566 /* LocationAtShop.h */ = {isa = PBXFileReference; fileEncoding = 4; lastKnownFileType = sourcecode.c.h; path = LocationAtShop.h; sourceTree = "<group>"; };
		DB2F3D0F1C7309CD00428566 /* LocationAtShop.m */ = {isa = PBXFileReference; fileEncoding = 4; lastKnownFileType = sourcecode.c.objc; path = LocationAtShop.m; sourceTree = "<group>"; };
		DB2F3D111C7309CD00428566 /* Unit+CoreDataProperties.m */ = {isa = PBXFileReference; fileEncoding = 4; lastKnownFileType = sourcecode.c.objc; path = "Unit+CoreDataProperties.m"; sourceTree = "<group>"; };
		DB2F3D121C7309CD00428566 /* Location+CoreDataProperties.h */ = {isa = PBXFileReference; fileEncoding = 4; lastKnownFileType = sourcecode.c.h; path = "Location+CoreDataProperties.h"; sourceTree = "<group>"; };
		DB2F3D131C7309CD00428566 /* Location+CoreDataProperties.m */ = {isa = PBXFileReference; fileEncoding = 4; lastKnownFileType = sourcecode.c.objc; path = "Location+CoreDataProperties.m"; sourceTree = "<group>"; };
		DB2F3D141C7309CD00428566 /* Location.h */ = {isa = PBXFileReference; fileEncoding = 4; lastKnownFileType = sourcecode.c.h; path = Location.h; sourceTree = "<group>"; };
		DB2F3D151C7309CD00428566 /* Location.m */ = {isa = PBXFileReference; fileEncoding = 4; lastKnownFileType = sourcecode.c.objc; path = Location.m; sourceTree = "<group>"; };
		DB2F3D251C732A5500428566 /* PrepareTableViewController.h */ = {isa = PBXFileReference; fileEncoding = 4; lastKnownFileType = sourcecode.c.h; path = PrepareTableViewController.h; sourceTree = "<group>"; };
		DB2F3D261C732A5500428566 /* PrepareTableViewController.m */ = {isa = PBXFileReference; fileEncoding = 4; lastKnownFileType = sourcecode.c.objc; path = PrepareTableViewController.m; sourceTree = "<group>"; };
		DB4905151C8004AB005BA26A /* DefaultData.sqlite */ = {isa = PBXFileReference; lastKnownFileType = file; path = DefaultData.sqlite; sourceTree = "<group>"; };
		DB5153241B79D16C009BC23D /* Model 2.xcdatamodel */ = {isa = PBXFileReference; lastKnownFileType = wrapper.xcdatamodel; path = "Model 2.xcdatamodel"; sourceTree = "<group>"; };
		DB5253181C7EAA380024D242 /* XMLReader.h */ = {isa = PBXFileReference; fileEncoding = 4; lastKnownFileType = sourcecode.c.h; path = XMLReader.h; sourceTree = "<group>"; };
		DB5253191C7EAA380024D242 /* XMLReader.m */ = {isa = PBXFileReference; fileEncoding = 4; lastKnownFileType = sourcecode.c.objc; path = XMLReader.m; sourceTree = "<group>"; };
		DB52531B1C7ED02F0024D242 /* TestData.xml */ = {isa = PBXFileReference; fileEncoding = 4; lastKnownFileType = text.xml; path = TestData.xml; sourceTree = "<group>"; };
		DB64A6F41C7425D000D857C6 /* ShopTableViewController.h */ = {isa = PBXFileReference; fileEncoding = 4; lastKnownFileType = sourcecode.c.h; path = ShopTableViewController.h; sourceTree = "<group>"; };
		DB64A6F51C7425D000D857C6 /* ShopTableViewController.m */ = {isa = PBXFileReference; fileEncoding = 4; lastKnownFileType = sourcecode.c.objc; path = ShopTableViewController.m; sourceTree = "<group>"; };
		DB64A6F71C744E0A00D857C6 /* ItemViewController.h */ = {isa = PBXFileReference; fileEncoding = 4; lastKnownFileType = sourcecode.c.h; path = ItemViewController.h; sourceTree = "<group>"; };
		DB64A6F81C744E0A00D857C6 /* ItemViewController.m */ = {isa = PBXFileReference; fileEncoding = 4; lastKnownFileType = sourcecode.c.objc; path = ItemViewController.m; sourceTree = "<group>"; };
		DB77931F1C7C097000BCFC5E /* UnitPickerTF.h */ = {isa = PBXFileReference; fileEncoding = 4; lastKnownFileType = sourcecode.c.h; path = UnitPickerTF.h; sourceTree = "<group>"; };
		DB7793201C7C097000BCFC5E /* UnitPickerTF.m */ = {isa = PBXFileReference; fileEncoding = 4; lastKnownFileType = sourcecode.c.objc; path = UnitPickerTF.m; sourceTree = "<group>"; };
		DB7793221C7C19EC00BCFC5E /* LocationAtHomePickerTF.h */ = {isa = PBXFileReference; fileEncoding = 4; lastKnownFileType = sourcecode.c.h; path = LocationAtHomePickerTF.h; sourceTree = "<group>"; };
		DB7793231C7C19EC00BCFC5E /* LocationAtHomePickerTF.m */ = {isa = PBXFileReference; fileEncoding = 4; lastKnownFileType = sourcecode.c.objc; path = LocationAtHomePickerTF.m; sourceTree = "<group>"; };
		DB7793251C7C1A2200BCFC5E /* LocationAtShopPickerTF.h */ = {isa = PBXFileReference; fileEncoding = 4; lastKnownFileType = sourcecode.c.h; path = LocationAtShopPickerTF.h; sourceTree = "<group>"; };
		DB7793261C7C1A2200BCFC5E /* LocationAtShopPickerTF.m */ = {isa = PBXFileReference; fileEncoding = 4; lastKnownFileType = sourcecode.c.objc; path = LocationAtShopPickerTF.m; sourceTree = "<group>"; };
		DB8DE87A1C7D80ED00D749CD /* CoreDataPickerTF.h */ = {isa = PBXFileReference; fileEncoding = 4; lastKnownFileType = sourcecode.c.h; path = CoreDataPickerTF.h; sourceTree = "<group>"; };
		DB8DE87B1C7D80ED00D749CD /* CoreDataPickerTF.m */ = {isa = PBXFileReference; fileEncoding = 4; lastKnownFileType = sourcecode.c.objc; path = CoreDataPickerTF.m; sourceTree = "<group>"; };
		DB8DE87C1C7D80ED00D749CD /* CoreDataTableViewController.h */ = {isa = PBXFileReference; fileEncoding = 4; lastKnownFileType = sourcecode.c.h; path = CoreDataTableViewController.h; sourceTree = "<group>"; };
		DB8DE87D1C7D80ED00D749CD /* CoreDataTableViewController.m */ = {isa = PBXFileReference; fileEncoding = 4; lastKnownFileType = sourcecode.c.objc; path = CoreDataTableViewController.m; sourceTree = "<group>"; };
		DB8DE8821C7D85F500D749CD /* DefaultData.xml */ = {isa = PBXFileReference; fileEncoding = 4; lastKnownFileType = text.xml; path = DefaultData.xml; sourceTree = "<group>"; };
		DB8DE8881C7DA63100D749CD /* CoreDataImporter.h */ = {isa = PBXFileReference; fileEncoding = 4; lastKnownFileType = sourcecode.c.h; path = CoreDataImporter.h; sourceTree = "<group>"; };
		DB8DE8891C7DA63100D749CD /* CoreDataImporter.m */ = {isa = PBXFileReference; fileEncoding = 4; lastKnownFileType = sourcecode.c.objc; path = CoreDataImporter.m; sourceTree = "<group>"; };
		DBB725451B71ED5C0078CA1F /* Grocery Dude.app */ = {isa = PBXFileReference; explicitFileType = wrapper.application; includeInIndex = 0; path = "Grocery Dude.app"; sourceTree = BUILT_PRODUCTS_DIR; };
		DBB725491B71ED5C0078CA1F /* Info.plist */ = {isa = PBXFileReference; lastKnownFileType = text.plist.xml; path = Info.plist; sourceTree = "<group>"; };
		DBB7254A1B71ED5C0078CA1F /* main.m */ = {isa = PBXFileReference; lastKnownFileType = sourcecode.c.objc; path = main.m; sourceTree = "<group>"; };
		DBB7254C1B71ED5C0078CA1F /* AppDelegate.h */ = {isa = PBXFileReference; lastKnownFileType = sourcecode.c.h; path = AppDelegate.h; sourceTree = "<group>"; };
		DBB7254D1B71ED5C0078CA1F /* AppDelegate.m */ = {isa = PBXFileReference; lastKnownFileType = sourcecode.c.objc; path = AppDelegate.m; sourceTree = "<group>"; };
		DBB725531B71ED5C0078CA1F /* Base */ = {isa = PBXFileReference; lastKnownFileType = file.storyboard; name = Base; path = Base.lproj/Main.storyboard; sourceTree = "<group>"; };
		DBB725551B71ED5C0078CA1F /* Images.xcassets */ = {isa = PBXFileReference; lastKnownFileType = folder.assetcatalog; path = Images.xcassets; sourceTree = "<group>"; };
		DBB725581B71ED5C0078CA1F /* Base */ = {isa = PBXFileReference; lastKnownFileType = file.xib; name = Base; path = Base.lproj/LaunchScreen.xib; sourceTree = "<group>"; };
		DBB7255E1B71ED5C0078CA1F /* Grocery DudeTests.xctest */ = {isa = PBXFileReference; explicitFileType = wrapper.cfbundle; includeInIndex = 0; path = "Grocery DudeTests.xctest"; sourceTree = BUILT_PRODUCTS_DIR; };
		DBB725631B71ED5C0078CA1F /* Info.plist */ = {isa = PBXFileReference; lastKnownFileType = text.plist.xml; path = Info.plist; sourceTree = "<group>"; };
		DBB725641B71ED5C0078CA1F /* Grocery_DudeTests.m */ = {isa = PBXFileReference; lastKnownFileType = sourcecode.c.objc; path = Grocery_DudeTests.m; sourceTree = "<group>"; };
		DBB7256E1B71EE170078CA1F /* CoreData.framework */ = {isa = PBXFileReference; lastKnownFileType = wrapper.framework; name = CoreData.framework; path = System/Library/Frameworks/CoreData.framework; sourceTree = SDKROOT; };
		DBB725761B7208770078CA1F /* CoreDataHelper.h */ = {isa = PBXFileReference; fileEncoding = 4; lastKnownFileType = sourcecode.c.h; path = CoreDataHelper.h; sourceTree = "<group>"; };
		DBB725771B7208770078CA1F /* CoreDataHelper.m */ = {isa = PBXFileReference; fileEncoding = 4; lastKnownFileType = sourcecode.c.objc; path = CoreDataHelper.m; sourceTree = "<group>"; };
		DBB7257A1B7208CB0078CA1F /* Model.xcdatamodel */ = {isa = PBXFileReference; lastKnownFileType = wrapper.xcdatamodel; path = Model.xcdatamodel; sourceTree = "<group>"; };
		DBB7257C1B7218740078CA1F /* Item.h */ = {isa = PBXFileReference; fileEncoding = 4; lastKnownFileType = sourcecode.c.h; path = Item.h; sourceTree = "<group>"; };
		DBB7257D1B7218740078CA1F /* Item.m */ = {isa = PBXFileReference; fileEncoding = 4; lastKnownFileType = sourcecode.c.objc; path = Item.m; sourceTree = "<group>"; };
/* End PBXFileReference section */

/* Begin PBXFrameworksBuildPhase section */
		DBB725421B71ED5C0078CA1F /* Frameworks */ = {
			isa = PBXFrameworksBuildPhase;
			buildActionMask = 2147483647;
			files = (
				DBB7256F1B71EE170078CA1F /* CoreData.framework in Frameworks */,
			);
			runOnlyForDeploymentPostprocessing = 0;
		};
		DBB7255B1B71ED5C0078CA1F /* Frameworks */ = {
			isa = PBXFrameworksBuildPhase;
			buildActionMask = 2147483647;
			files = (
			);
			runOnlyForDeploymentPostprocessing = 0;
		};
/* End PBXFrameworksBuildPhase section */

/* Begin PBXGroup section */
		DB0726821C71D9C200AC8C32 /* Grocery Dude View Controllers */ = {
			isa = PBXGroup;
			children = (
				DB0726831C71DA0500AC8C32 /* MigrationViewController.h */,
				DB0726841C71DA0500AC8C32 /* MigrationViewController.m */,
				7441E9271C79985B007FB506 /* UnitsViewController.h */,
				7441E9281C79985B007FB506 /* UnitsViewController.m */,
				7441E9301C79F3B0007FB506 /* LocationAtHomeViewController.h */,
				7441E9311C79F3B0007FB506 /* LocationAtHomeViewController.m */,
				7441E9331C79F3C3007FB506 /* LocationAtShopViewController.h */,
				7441E9341C79F3C3007FB506 /* LocationAtShopViewController.m */,
			);
			path = "Grocery Dude View Controllers";
			sourceTree = "<group>";
		};
		DB2F3D211C7329BC00428566 /* Grocery Dude Table View Controller */ = {
			isa = PBXGroup;
			children = (
				DB2F3D251C732A5500428566 /* PrepareTableViewController.h */,
				DB2F3D261C732A5500428566 /* PrepareTableViewController.m */,
				DB64A6F41C7425D000D857C6 /* ShopTableViewController.h */,
				DB64A6F51C7425D000D857C6 /* ShopTableViewController.m */,
				DB64A6F71C744E0A00D857C6 /* ItemViewController.h */,
				DB64A6F81C744E0A00D857C6 /* ItemViewController.m */,
				DB1F1A2C1C76E32D00FA73F4 /* UnitsTableViewController.h */,
				DB1F1A2D1C76E32D00FA73F4 /* UnitsTableViewController.m */,
				7441E92A1C79AC0B007FB506 /* LocationAtHomeTableViewController.h */,
				7441E92B1C79AC0B007FB506 /* LocationAtHomeTableViewController.m */,
				7441E92D1C79AC27007FB506 /* LocationAtShopTableViewController.h */,
				7441E92E1C79AC27007FB506 /* LocationAtShopTableViewController.m */,
			);
			path = "Grocery Dude Table View Controller";
			sourceTree = "<group>";
		};
		DB5253171C7EAA380024D242 /* XMLParser */ = {
			isa = PBXGroup;
			children = (
				DB5253181C7EAA380024D242 /* XMLReader.h */,
				DB5253191C7EAA380024D242 /* XMLReader.m */,
			);
			path = XMLParser;
			sourceTree = "<group>";
		};
		DB77931B1C7BFAF900BCFC5E /* Grocery Dude View */ = {
			isa = PBXGroup;
			children = (
				DB77931F1C7C097000BCFC5E /* UnitPickerTF.h */,
				DB7793201C7C097000BCFC5E /* UnitPickerTF.m */,
				DB7793221C7C19EC00BCFC5E /* LocationAtHomePickerTF.h */,
				DB7793231C7C19EC00BCFC5E /* LocationAtHomePickerTF.m */,
				DB7793251C7C1A2200BCFC5E /* LocationAtShopPickerTF.h */,
				DB7793261C7C1A2200BCFC5E /* LocationAtShopPickerTF.m */,
			);
			path = "Grocery Dude View";
			sourceTree = "<group>";
		};
		DBB7253C1B71ED5C0078CA1F = {
			isa = PBXGroup;
			children = (
				DBB7256E1B71EE170078CA1F /* CoreData.framework */,
				DBB725471B71ED5C0078CA1F /* Grocery Dude */,
				DBB725611B71ED5C0078CA1F /* Grocery DudeTests */,
				DBB725461B71ED5C0078CA1F /* Products */,
			);
			sourceTree = "<group>";
		};
		DBB725461B71ED5C0078CA1F /* Products */ = {
			isa = PBXGroup;
			children = (
				DBB725451B71ED5C0078CA1F /* Grocery Dude.app */,
				DBB7255E1B71ED5C0078CA1F /* Grocery DudeTests.xctest */,
			);
			name = Products;
			sourceTree = "<group>";
		};
		DBB725471B71ED5C0078CA1F /* Grocery Dude */ = {
			isa = PBXGroup;
			children = (
				DB5253171C7EAA380024D242 /* XMLParser */,
				DB77931B1C7BFAF900BCFC5E /* Grocery Dude View */,
				DB2F3D211C7329BC00428566 /* Grocery Dude Table View Controller */,
				DB0726821C71D9C200AC8C32 /* Grocery Dude View Controllers */,
				DBB725751B7208770078CA1F /* GenericCoreDataClasses */,
				DBB725741B72084C0078CA1F /* CoreDataModel */,
				DBB7254C1B71ED5C0078CA1F /* AppDelegate.h */,
				DBB7254D1B71ED5C0078CA1F /* AppDelegate.m */,
				DBB725521B71ED5C0078CA1F /* Main.storyboard */,
				DBB725551B71ED5C0078CA1F /* Images.xcassets */,
				DBB725571B71ED5C0078CA1F /* LaunchScreen.xib */,
				DBB725481B71ED5C0078CA1F /* Supporting Files */,
			);
			path = "Grocery Dude";
			sourceTree = "<group>";
		};
		DBB725481B71ED5C0078CA1F /* Supporting Files */ = {
			isa = PBXGroup;
			children = (
				DBB725491B71ED5C0078CA1F /* Info.plist */,
				DBB7254A1B71ED5C0078CA1F /* main.m */,
				DB07266C1C71669700AC8C32 /* Grocery_Dude.pch */,
			);
			name = "Supporting Files";
			sourceTree = "<group>";
		};
		DBB725611B71ED5C0078CA1F /* Grocery DudeTests */ = {
			isa = PBXGroup;
			children = (
				DBB725641B71ED5C0078CA1F /* Grocery_DudeTests.m */,
				DBB725621B71ED5C0078CA1F /* Supporting Files */,
			);
			path = "Grocery DudeTests";
			sourceTree = "<group>";
		};
		DBB725621B71ED5C0078CA1F /* Supporting Files */ = {
			isa = PBXGroup;
			children = (
				DBB725631B71ED5C0078CA1F /* Info.plist */,
			);
			name = "Supporting Files";
			sourceTree = "<group>";
		};
		DBB725741B72084C0078CA1F /* CoreDataModel */ = {
			isa = PBXGroup;
			children = (
				DB4905151C8004AB005BA26A /* DefaultData.sqlite */,
				DB52531B1C7ED02F0024D242 /* TestData.xml */,
				DB8DE8821C7D85F500D749CD /* DefaultData.xml */,
				DB2F3D081C7309CD00428566 /* LocationAtHome+CoreDataProperties.h */,
				DB2F3D091C7309CD00428566 /* LocationAtHome+CoreDataProperties.m */,
				DB2F3D0A1C7309CD00428566 /* LocationAtHome.h */,
				DB2F3D0B1C7309CD00428566 /* LocationAtHome.m */,
				DB2F3D0C1C7309CD00428566 /* LocationAtShop+CoreDataProperties.h */,
				DB2F3D0D1C7309CD00428566 /* LocationAtShop+CoreDataProperties.m */,
				DB2F3D0E1C7309CD00428566 /* LocationAtShop.h */,
				DB2F3D0F1C7309CD00428566 /* LocationAtShop.m */,
				DB2F3D111C7309CD00428566 /* Unit+CoreDataProperties.m */,
				DB2F3D121C7309CD00428566 /* Location+CoreDataProperties.h */,
				DB2F3D131C7309CD00428566 /* Location+CoreDataProperties.m */,
				DB2F3D141C7309CD00428566 /* Location.h */,
				DB2F3D151C7309CD00428566 /* Location.m */,
				DB2F3CFF1C72DCCB00428566 /* Item+CoreDataProperties.h */,
				DB2F3D001C72DCCB00428566 /* Item+CoreDataProperties.m */,
				DB2F3CF61C72C32E00428566 /* Unit+CoreDataProperties.h */,
				DB2F3CF71C72C32E00428566 /* Unit+CoreDataProperties.m */,
				DB2F3CF81C72C32E00428566 /* Unit.h */,
				DB2F3CF91C72C32E00428566 /* Unit.m */,
				DB07267A1C71C46700AC8C32 /* Amount+CoreDataProperties.h */,
				DB07267B1C71C46700AC8C32 /* Amount+CoreDataProperties.m */,
				DB07267C1C71C46700AC8C32 /* Amount.h */,
				DB07267D1C71C46700AC8C32 /* Amount.m */,
				DB0726731C71C1B300AC8C32 /* Measurement.h */,
				DB0726741C71C1B300AC8C32 /* Measurement.m */,
				DB0726751C71C1B300AC8C32 /* Measurement+CoreDataProperties.h */,
				DB0726761C71C1B300AC8C32 /* Measurement+CoreDataProperties.m */,
				DBB7257C1B7218740078CA1F /* Item.h */,
				DBB7257D1B7218740078CA1F /* Item.m */,
				DBB725791B7208CB0078CA1F /* Model.xcdatamodeld */,
				DB0726801C71CAF000AC8C32 /* Model2toModel3.xcmappingmodel */,
				DB2F3CFC1C72C3AE00428566 /* Model3toModel4.xcmappingmodel */,
			);
			path = CoreDataModel;
			sourceTree = "<group>";
		};
		DBB725751B7208770078CA1F /* GenericCoreDataClasses */ = {
			isa = PBXGroup;
			children = (
				DB8DE87A1C7D80ED00D749CD /* CoreDataPickerTF.h */,
				DB8DE87B1C7D80ED00D749CD /* CoreDataPickerTF.m */,
				DB8DE87C1C7D80ED00D749CD /* CoreDataTableViewController.h */,
				DB8DE87D1C7D80ED00D749CD /* CoreDataTableViewController.m */,
				DBB725761B7208770078CA1F /* CoreDataHelper.h */,
				DBB725771B7208770078CA1F /* CoreDataHelper.m */,
				DB8DE8881C7DA63100D749CD /* CoreDataImporter.h */,
				DB8DE8891C7DA63100D749CD /* CoreDataImporter.m */,
			);
			path = GenericCoreDataClasses;
			sourceTree = "<group>";
		};
/* End PBXGroup section */

/* Begin PBXNativeTarget section */
		DBB725441B71ED5C0078CA1F /* Grocery Dude */ = {
			isa = PBXNativeTarget;
			buildConfigurationList = DBB725681B71ED5C0078CA1F /* Build configuration list for PBXNativeTarget "Grocery Dude" */;
			buildPhases = (
				DBB725411B71ED5C0078CA1F /* Sources */,
				DBB725421B71ED5C0078CA1F /* Frameworks */,
				DBB725431B71ED5C0078CA1F /* Resources */,
			);
			buildRules = (
			);
			dependencies = (
			);
			name = "Grocery Dude";
			productName = "Grocery Dude";
			productReference = DBB725451B71ED5C0078CA1F /* Grocery Dude.app */;
			productType = "com.apple.product-type.application";
		};
		DBB7255D1B71ED5C0078CA1F /* Grocery DudeTests */ = {
			isa = PBXNativeTarget;
			buildConfigurationList = DBB7256B1B71ED5C0078CA1F /* Build configuration list for PBXNativeTarget "Grocery DudeTests" */;
			buildPhases = (
				DBB7255A1B71ED5C0078CA1F /* Sources */,
				DBB7255B1B71ED5C0078CA1F /* Frameworks */,
				DBB7255C1B71ED5C0078CA1F /* Resources */,
			);
			buildRules = (
			);
			dependencies = (
				DBB725601B71ED5C0078CA1F /* PBXTargetDependency */,
			);
			name = "Grocery DudeTests";
			productName = "Grocery DudeTests";
			productReference = DBB7255E1B71ED5C0078CA1F /* Grocery DudeTests.xctest */;
			productType = "com.apple.product-type.bundle.unit-test";
		};
/* End PBXNativeTarget section */

/* Begin PBXProject section */
		DBB7253D1B71ED5C0078CA1F /* Project object */ = {
			isa = PBXProject;
			attributes = {
				LastUpgradeCheck = 0640;
				ORGANIZATIONNAME = com.v2tech;
				TargetAttributes = {
					DBB725441B71ED5C0078CA1F = {
						CreatedOnToolsVersion = 6.4;
					};
					DBB7255D1B71ED5C0078CA1F = {
						CreatedOnToolsVersion = 6.4;
						TestTargetID = DBB725441B71ED5C0078CA1F;
					};
				};
			};
			buildConfigurationList = DBB725401B71ED5C0078CA1F /* Build configuration list for PBXProject "Grocery Dude" */;
			compatibilityVersion = "Xcode 3.2";
			developmentRegion = English;
			hasScannedForEncodings = 0;
			knownRegions = (
				en,
				Base,
			);
			mainGroup = DBB7253C1B71ED5C0078CA1F;
			productRefGroup = DBB725461B71ED5C0078CA1F /* Products */;
			projectDirPath = "";
			projectRoot = "";
			targets = (
				DBB725441B71ED5C0078CA1F /* Grocery Dude */,
				DBB7255D1B71ED5C0078CA1F /* Grocery DudeTests */,
			);
		};
/* End PBXProject section */

/* Begin PBXResourcesBuildPhase section */
		DBB725431B71ED5C0078CA1F /* Resources */ = {
			isa = PBXResourcesBuildPhase;
			buildActionMask = 2147483647;
			files = (
				DBB725541B71ED5C0078CA1F /* Main.storyboard in Resources */,
				DB4905161C8004AB005BA26A /* DefaultData.sqlite in Resources */,
				DB8DE8831C7D85F500D749CD /* DefaultData.xml in Resources */,
				DBB725591B71ED5C0078CA1F /* LaunchScreen.xib in Resources */,
				DB52531C1C7ED02F0024D242 /* TestData.xml in Resources */,
				DBB725561B71ED5C0078CA1F /* Images.xcassets in Resources */,
			);
			runOnlyForDeploymentPostprocessing = 0;
		};
		DBB7255C1B71ED5C0078CA1F /* Resources */ = {
			isa = PBXResourcesBuildPhase;
			buildActionMask = 2147483647;
			files = (
			);
			runOnlyForDeploymentPostprocessing = 0;
		};
/* End PBXResourcesBuildPhase section */

/* Begin PBXSourcesBuildPhase section */
		DBB725411B71ED5C0078CA1F /* Sources */ = {
			isa = PBXSourcesBuildPhase;
			buildActionMask = 2147483647;
			files = (
				7441E9351C79F3C3007FB506 /* LocationAtShopViewController.m in Sources */,
				DB2F3CFB1C72C32E00428566 /* Unit.m in Sources */,
				DB8DE88A1C7DA63100D749CD /* CoreDataImporter.m in Sources */,
				DB7793241C7C19EC00BCFC5E /* LocationAtHomePickerTF.m in Sources */,
				DB64A6F91C744E0A00D857C6 /* ItemViewController.m in Sources */,
				DB7793211C7C097000BCFC5E /* UnitPickerTF.m in Sources */,
				DB0726781C71C1B300AC8C32 /* Measurement+CoreDataProperties.m in Sources */,
				DB2F3D181C7309CD00428566 /* LocationAtHome.m in Sources */,
				DBB7257E1B7218740078CA1F /* Item.m in Sources */,
				DB1F1A2E1C76E32D00FA73F4 /* UnitsTableViewController.m in Sources */,
				DB2F3D271C732A5500428566 /* PrepareTableViewController.m in Sources */,
				DB2F3D171C7309CD00428566 /* LocationAtHome+CoreDataProperties.m in Sources */,
				DB64A6F61C7425D000D857C6 /* ShopTableViewController.m in Sources */,
				DB2F3D031C72DCCB00428566 /* Item+CoreDataProperties.m in Sources */,
				DB2F3CFD1C72C3AE00428566 /* Model3toModel4.xcmappingmodel in Sources */,
				DBB7254E1B71ED5C0078CA1F /* AppDelegate.m in Sources */,
				DB2F3CFA1C72C32E00428566 /* Unit+CoreDataProperties.m in Sources */,
				7441E92C1C79AC0B007FB506 /* LocationAtHomeTableViewController.m in Sources */,
				7441E9291C79985B007FB506 /* UnitsViewController.m in Sources */,
				DBB7257B1B7208CB0078CA1F /* Model.xcdatamodeld in Sources */,
				DBB725781B7208770078CA1F /* CoreDataHelper.m in Sources */,
				DB0726851C71DA0500AC8C32 /* MigrationViewController.m in Sources */,
				DB0726771C71C1B300AC8C32 /* Measurement.m in Sources */,
				DBB7254B1B71ED5C0078CA1F /* main.m in Sources */,
				DB8DE87F1C7D80ED00D749CD /* CoreDataTableViewController.m in Sources */,
				DB2F3D1D1C7309CD00428566 /* Location.m in Sources */,
				7441E9321C79F3B0007FB506 /* LocationAtHomeViewController.m in Sources */,
				DB07267E1C71C46700AC8C32 /* Amount+CoreDataProperties.m in Sources */,
				DB2F3D1B1C7309CD00428566 /* Unit+CoreDataProperties.m in Sources */,
				DB8DE87E1C7D80ED00D749CD /* CoreDataPickerTF.m in Sources */,
				7441E92F1C79AC27007FB506 /* LocationAtShopTableViewController.m in Sources */,
				DB2F3D1C1C7309CD00428566 /* Location+CoreDataProperties.m in Sources */,
				DB2F3D1A1C7309CD00428566 /* LocationAtShop.m in Sources */,
				DB7793271C7C1A2200BCFC5E /* LocationAtShopPickerTF.m in Sources */,
				DB52531A1C7EAA380024D242 /* XMLReader.m in Sources */,
				DB0726811C71CAF000AC8C32 /* Model2toModel3.xcmappingmodel in Sources */,
				DB2F3D191C7309CD00428566 /* LocationAtShop+CoreDataProperties.m in Sources */,
				DB07267F1C71C46700AC8C32 /* Amount.m in Sources */,
			);
			runOnlyForDeploymentPostprocessing = 0;
		};
		DBB7255A1B71ED5C0078CA1F /* Sources */ = {
			isa = PBXSourcesBuildPhase;
			buildActionMask = 2147483647;
			files = (
				DBB725651B71ED5C0078CA1F /* Grocery_DudeTests.m in Sources */,
			);
			runOnlyForDeploymentPostprocessing = 0;
		};
/* End PBXSourcesBuildPhase section */

/* Begin PBXTargetDependency section */
		DBB725601B71ED5C0078CA1F /* PBXTargetDependency */ = {
			isa = PBXTargetDependency;
			target = DBB725441B71ED5C0078CA1F /* Grocery Dude */;
			targetProxy = DBB7255F1B71ED5C0078CA1F /* PBXContainerItemProxy */;
		};
/* End PBXTargetDependency section */

/* Begin PBXVariantGroup section */
		DBB725521B71ED5C0078CA1F /* Main.storyboard */ = {
			isa = PBXVariantGroup;
			children = (
				DBB725531B71ED5C0078CA1F /* Base */,
			);
			name = Main.storyboard;
			sourceTree = "<group>";
		};
		DBB725571B71ED5C0078CA1F /* LaunchScreen.xib */ = {
			isa = PBXVariantGroup;
			children = (
				DBB725581B71ED5C0078CA1F /* Base */,
			);
			name = LaunchScreen.xib;
			sourceTree = "<group>";
		};
/* End PBXVariantGroup section */

/* Begin XCBuildConfiguration section */
		DBB725661B71ED5C0078CA1F /* Debug */ = {
			isa = XCBuildConfiguration;
			buildSettings = {
				ALWAYS_SEARCH_USER_PATHS = NO;
				CLANG_CXX_LANGUAGE_STANDARD = "gnu++0x";
				CLANG_CXX_LIBRARY = "libc++";
				CLANG_ENABLE_MODULES = YES;
				CLANG_ENABLE_OBJC_ARC = YES;
				CLANG_WARN_BOOL_CONVERSION = YES;
				CLANG_WARN_CONSTANT_CONVERSION = YES;
				CLANG_WARN_DIRECT_OBJC_ISA_USAGE = YES_ERROR;
				CLANG_WARN_EMPTY_BODY = YES;
				CLANG_WARN_ENUM_CONVERSION = YES;
				CLANG_WARN_INT_CONVERSION = YES;
				CLANG_WARN_OBJC_ROOT_CLASS = YES_ERROR;
				CLANG_WARN_UNREACHABLE_CODE = YES;
				CLANG_WARN__DUPLICATE_METHOD_MATCH = YES;
				"CODE_SIGN_IDENTITY[sdk=iphoneos*]" = "iPhone Developer";
				COPY_PHASE_STRIP = NO;
				DEBUG_INFORMATION_FORMAT = "dwarf-with-dsym";
				ENABLE_STRICT_OBJC_MSGSEND = YES;
				GCC_C_LANGUAGE_STANDARD = gnu99;
				GCC_DYNAMIC_NO_PIC = NO;
				GCC_NO_COMMON_BLOCKS = YES;
				GCC_OPTIMIZATION_LEVEL = 0;
				GCC_PREPROCESSOR_DEFINITIONS = (
					"DEBUG=1",
					"$(inherited)",
				);
				GCC_SYMBOLS_PRIVATE_EXTERN = NO;
				GCC_WARN_64_TO_32_BIT_CONVERSION = YES;
				GCC_WARN_ABOUT_RETURN_TYPE = YES_ERROR;
				GCC_WARN_UNDECLARED_SELECTOR = YES;
				GCC_WARN_UNINITIALIZED_AUTOS = YES_AGGRESSIVE;
				GCC_WARN_UNUSED_FUNCTION = YES;
				GCC_WARN_UNUSED_VARIABLE = YES;
				IPHONEOS_DEPLOYMENT_TARGET = 8.4;
				MTL_ENABLE_DEBUG_INFO = YES;
				ONLY_ACTIVE_ARCH = YES;
				SDKROOT = iphoneos;
			};
			name = Debug;
		};
		DBB725671B71ED5C0078CA1F /* Release */ = {
			isa = XCBuildConfiguration;
			buildSettings = {
				ALWAYS_SEARCH_USER_PATHS = NO;
				CLANG_CXX_LANGUAGE_STANDARD = "gnu++0x";
				CLANG_CXX_LIBRARY = "libc++";
				CLANG_ENABLE_MODULES = YES;
				CLANG_ENABLE_OBJC_ARC = YES;
				CLANG_WARN_BOOL_CONVERSION = YES;
				CLANG_WARN_CONSTANT_CONVERSION = YES;
				CLANG_WARN_DIRECT_OBJC_ISA_USAGE = YES_ERROR;
				CLANG_WARN_EMPTY_BODY = YES;
				CLANG_WARN_ENUM_CONVERSION = YES;
				CLANG_WARN_INT_CONVERSION = YES;
				CLANG_WARN_OBJC_ROOT_CLASS = YES_ERROR;
				CLANG_WARN_UNREACHABLE_CODE = YES;
				CLANG_WARN__DUPLICATE_METHOD_MATCH = YES;
				"CODE_SIGN_IDENTITY[sdk=iphoneos*]" = "iPhone Developer";
				COPY_PHASE_STRIP = NO;
				DEBUG_INFORMATION_FORMAT = "dwarf-with-dsym";
				ENABLE_NS_ASSERTIONS = NO;
				ENABLE_STRICT_OBJC_MSGSEND = YES;
				GCC_C_LANGUAGE_STANDARD = gnu99;
				GCC_NO_COMMON_BLOCKS = YES;
				GCC_WARN_64_TO_32_BIT_CONVERSION = YES;
				GCC_WARN_ABOUT_RETURN_TYPE = YES_ERROR;
				GCC_WARN_UNDECLARED_SELECTOR = YES;
				GCC_WARN_UNINITIALIZED_AUTOS = YES_AGGRESSIVE;
				GCC_WARN_UNUSED_FUNCTION = YES;
				GCC_WARN_UNUSED_VARIABLE = YES;
				IPHONEOS_DEPLOYMENT_TARGET = 8.4;
				MTL_ENABLE_DEBUG_INFO = NO;
				SDKROOT = iphoneos;
				VALIDATE_PRODUCT = YES;
			};
			name = Release;
		};
		DBB725691B71ED5C0078CA1F /* Debug */ = {
			isa = XCBuildConfiguration;
			buildSettings = {
				ASSETCATALOG_COMPILER_APPICON_NAME = AppIcon;
				CODE_SIGN_IDENTITY = "iPhone Developer";
				GCC_PREFIX_HEADER = "Grocery Dude/Grocery_Dude.pch";
				INFOPLIST_FILE = "Grocery Dude/Info.plist";
				IPHONEOS_DEPLOYMENT_TARGET = 7.1;
				LD_RUNPATH_SEARCH_PATHS = "$(inherited) @executable_path/Frameworks";
				PRODUCT_BUNDLE_IDENTIFIER = com.v2tech.commbarEnt;
				PRODUCT_NAME = "$(TARGET_NAME)";
				PROVISIONING_PROFILE = "722d399d-3e56-4a6a-9378-f29cda48e2bd";
			};
			name = Debug;
		};
		DBB7256A1B71ED5C0078CA1F /* Release */ = {
			isa = XCBuildConfiguration;
			buildSettings = {
				ASSETCATALOG_COMPILER_APPICON_NAME = AppIcon;
				CODE_SIGN_IDENTITY = "iPhone Developer";
				GCC_PREFIX_HEADER = "Grocery Dude/Grocery_Dude.pch";
				INFOPLIST_FILE = "Grocery Dude/Info.plist";
				IPHONEOS_DEPLOYMENT_TARGET = 7.1;
				LD_RUNPATH_SEARCH_PATHS = "$(inherited) @executable_path/Frameworks";
				PRODUCT_BUNDLE_IDENTIFIER = com.v2tech.commbarEnt;
				PRODUCT_NAME = "$(TARGET_NAME)";
				PROVISIONING_PROFILE = "722d399d-3e56-4a6a-9378-f29cda48e2bd";
			};
			name = Release;
		};
		DBB7256C1B71ED5C0078CA1F /* Debug */ = {
			isa = XCBuildConfiguration;
			buildSettings = {
				BUNDLE_LOADER = "$(TEST_HOST)";
				FRAMEWORK_SEARCH_PATHS = (
					"$(SDKROOT)/Developer/Library/Frameworks",
					"$(inherited)",
				);
				GCC_PREPROCESSOR_DEFINITIONS = (
					"DEBUG=1",
					"$(inherited)",
				);
				INFOPLIST_FILE = "Grocery DudeTests/Info.plist";
				LD_RUNPATH_SEARCH_PATHS = "$(inherited) @executable_path/Frameworks @loader_path/Frameworks";
				PRODUCT_NAME = "$(TARGET_NAME)";
				TEST_HOST = "$(BUILT_PRODUCTS_DIR)/Grocery Dude.app/Grocery Dude";
			};
			name = Debug;
		};
		DBB7256D1B71ED5C0078CA1F /* Release */ = {
			isa = XCBuildConfiguration;
			buildSettings = {
				BUNDLE_LOADER = "$(TEST_HOST)";
				FRAMEWORK_SEARCH_PATHS = (
					"$(SDKROOT)/Developer/Library/Frameworks",
					"$(inherited)",
				);
				INFOPLIST_FILE = "Grocery DudeTests/Info.plist";
				LD_RUNPATH_SEARCH_PATHS = "$(inherited) @executable_path/Frameworks @loader_path/Frameworks";
				PRODUCT_NAME = "$(TARGET_NAME)";
				TEST_HOST = "$(BUILT_PRODUCTS_DIR)/Grocery Dude.app/Grocery Dude";
			};
			name = Release;
		};
/* End XCBuildConfiguration section */

/* Begin XCConfigurationList section */
		DBB725401B71ED5C0078CA1F /* Build configuration list for PBXProject "Grocery Dude" */ = {
			isa = XCConfigurationList;
			buildConfigurations = (
				DBB725661B71ED5C0078CA1F /* Debug */,
				DBB725671B71ED5C0078CA1F /* Release */,
			);
			defaultConfigurationIsVisible = 0;
			defaultConfigurationName = Release;
		};
		DBB725681B71ED5C0078CA1F /* Build configuration list for PBXNativeTarget "Grocery Dude" */ = {
			isa = XCConfigurationList;
			buildConfigurations = (
				DBB725691B71ED5C0078CA1F /* Debug */,
				DBB7256A1B71ED5C0078CA1F /* Release */,
			);
			defaultConfigurationIsVisible = 0;
			defaultConfigurationName = Release;
		};
		DBB7256B1B71ED5C0078CA1F /* Build configuration list for PBXNativeTarget "Grocery DudeTests" */ = {
			isa = XCConfigurationList;
			buildConfigurations = (
				DBB7256C1B71ED5C0078CA1F /* Debug */,
				DBB7256D1B71ED5C0078CA1F /* Release */,
			);
			defaultConfigurationIsVisible = 0;
			defaultConfigurationName = Release;
		};
/* End XCConfigurationList section */

/* Begin XCVersionGroup section */
		DBB725791B7208CB0078CA1F /* Model.xcdatamodeld */ = {
			isa = XCVersionGroup;
			children = (
				DB2F3D051C7306C900428566 /* Model 6.xcdatamodel */,
				DB2F3CFE1C72C99C00428566 /* Model 5.xcdatamodel */,
				DB2F3CF51C72C2CF00428566 /* Model 4.xcdatamodel */,
				DB0726791C71C2A500AC8C32 /* Model 3.xcdatamodel */,
				DB5153241B79D16C009BC23D /* Model 2.xcdatamodel */,
				DBB7257A1B7208CB0078CA1F /* Model.xcdatamodel */,
			);
			currentVersion = DB2F3D051C7306C900428566 /* Model 6.xcdatamodel */;
			path = Model.xcdatamodeld;
			sourceTree = "<group>";
			versionGroupType = wrapper.xcdatamodel;
		};
/* End XCVersionGroup section */
	};
	rootObject = DBB7253D1B71ED5C0078CA1F /* Project object */;
}
